{
  "requires": true,
  "lockfileVersion": 1,
  "dependencies": {
    "formir": {
      "version": "0.1.11",
      "resolved": "https://registry.npmjs.org/formir/-/formir-0.1.11.tgz",
      "integrity": "sha512-7Fl6qp+hOdpczBlUVVYLgM0nyZqGRFgLKGAEjT0fDojjs24jR+ey8f7t3f2JmG9buX6ai1j/CQCO+2Lhfe0S+w=="
    }
  }
}
