{
  "requires": true,
  "lockfileVersion": 1,
  "dependencies": {
    "formir": {
      "version": "0.1.10",
      "resolved": "https://registry.npmjs.org/formir/-/formir-0.1.10.tgz",
      "integrity": "sha512-+uX4HdTHbnA6ndHcGvV9JysofTDvBD2SNky2YxmnflzHu96MLLYpBmuUVX7I2d1Dd4mSB7G7xYXRQrV51NbzEA=="
    }
  }
}
